<?xml version="1.0" encoding="utf-8"?>
<Project ToolsVersion="4.0" xmlns="http://schemas.microsoft.com/developer/msbuild/2003">
  <ItemGroup>
    <ClInclude Include="algorithm.hpp">
      <Filter>Header Files</Filter>
    </ClInclude>
    <ClInclude Include="boolcallable.hpp">
      <Filter>Header Files</Filter>
    </ClInclude>
    <ClInclude Include="functional.hpp">
      <Filter>Header Files</Filter>
    </ClInclude>
    <ClInclude Include="initializer_list.hpp">
      <Filter>Header Files</Filter>
    </ClInclude>
    <ClInclude Include="memory.hpp">
      <Filter>Header Files</Filter>
    </ClInclude>
    <ClInclude Include="result.hpp">
      <Filter>Header Files</Filter>
    </ClInclude>
    <ClInclude Include="stl_container.hpp">
      <Filter>Header Files</Filter>
    </ClInclude>
    <ClInclude Include="type_traits_extension.hpp">
      <Filter>Header Files</Filter>
    </ClInclude>
  </ItemGroup>
  <ItemGroup>
    <Filter Include="Source Files">
      <UniqueIdentifier>{fdd8fa9b-6d07-43c3-a9aa-7b8ab5276198}</UniqueIdentifier>
    </Filter>
    <Filter Include="Header Files">
      <UniqueIdentifier>{62708ab6-22a7-44e7-bb83-3649c77b6286}</UniqueIdentifier>
    </Filter>
  </ItemGroup>
  <ItemGroup>
    <ClCompile Include="msvcfill.cpp">
      <Filter>Source Files</Filter>
    </ClCompile>
  </ItemGroup>
</Project>